
Microsoft Visual Studio Solution File, Format Version 12.00
# Visual Studio Version 16
VisualStudioVersion = 16.0.30621.155
MinimumVisualStudioVersion = 10.0.40219.1
Project("{FAE04EC0-301F-11D3-BF4B-00C04F79EFBC}") = "Benchmark", "Benchmark\Benchmark.csproj", "{43585CD2-9507-48FC-8A39-325D53A6B2C3}"
EndProject
Project("{FAE04EC0-301F-11D3-BF4B-00C04F79EFBC}") = "Tests", "Tests\Tests.csproj", "{65A66F13-289C-44A0-BD3D-B00E57753E9F}"
EndProject
Global
	GlobalSection(SolutionConfigurationPlatforms) = preSolution
		Debug|Any CPU = Debug|Any CPU
		Release|Any CPU = Release|Any CPU
	EndGlobalSection
	GlobalSection(ProjectConfigurationPlatforms) = postSolution
		{43585CD2-9507-48FC-8A39-325D53A6B2C3}.Debug|Any CPU.ActiveCfg = Debug|Any CPU
		{43585CD2-9507-48FC-8A39-325D53A6B2C3}.Debug|Any CPU.Build.0 = Debug|Any CPU
		{43585CD2-9507-48FC-8A39-325D53A6B2C3}.Release|Any CPU.ActiveCfg = Release|Any CPU
		{43585CD2-9507-48FC-8A39-325D53A6B2C3}.Release|Any CPU.Build.0 = Release|Any CPU
		{65A66F13-289C-44A0-BD3D-B00E57753E9F}.Debug|Any CPU.ActiveCfg = Debug|Any CPU
		{65A66F13-289C-44A0-BD3D-B00E57753E9F}.Debug|Any CPU.Build.0 = Debug|Any CPU
		{65A66F13-289C-44A0-BD3D-B00E57753E9F}.Release|Any CPU.ActiveCfg = Release|Any CPU
		{65A66F13-289C-44A0-BD3D-B00E57753E9F}.Release|Any CPU.Build.0 = Release|Any CPU
	EndGlobalSection
	GlobalSection(SolutionProperties) = preSolution
		HideSolutionNode = FALSE
	EndGlobalSection
	GlobalSection(ExtensibilityGlobals) = postSolution
		SolutionGuid = {50156758-2800-4502-AE2B-0A243EDDFBEE}
	EndGlobalSection
EndGlobal
