
Microsoft Visual Studio Solution File, Format Version 12.00
# Visual Studio Version 16
VisualStudioVersion = 16.0.30621.155
MinimumVisualStudioVersion = 10.0.40219.1
Project("{FAE04EC0-301F-11D3-BF4B-00C04F79EFBC}") = "EditorFor", "EditorFor\EditorFor.csproj", "{1257A071-1457-422B-9D74-631EE346B162}"
EndProject
Global
	GlobalSection(SolutionConfigurationPlatforms) = preSolution
		Debug|Any CPU = Debug|Any CPU
		Release|Any CPU = Release|Any CPU
	EndGlobalSection
	GlobalSection(ProjectConfigurationPlatforms) = postSolution
		{1257A071-1457-422B-9D74-631EE346B162}.Debug|Any CPU.ActiveCfg = Debug|Any CPU
		{1257A071-1457-422B-9D74-631EE346B162}.Debug|Any CPU.Build.0 = Debug|Any CPU
		{1257A071-1457-422B-9D74-631EE346B162}.Release|Any CPU.ActiveCfg = Release|Any CPU
		{1257A071-1457-422B-9D74-631EE346B162}.Release|Any CPU.Build.0 = Release|Any CPU
	EndGlobalSection
	GlobalSection(SolutionProperties) = preSolution
		HideSolutionNode = FALSE
	EndGlobalSection
	GlobalSection(ExtensibilityGlobals) = postSolution
		SolutionGuid = {7E83487D-B9F8-471B-883C-33EC414BB619}
	EndGlobalSection
EndGlobal
