
Microsoft Visual Studio Solution File, Format Version 12.00
# Visual Studio Version 16
VisualStudioVersion = 16.0.30503.244
MinimumVisualStudioVersion = 10.0.40219.1
Project("{9A19103F-16F7-4668-BE54-9A1E7A4F7556}") = "CalculatorConsoleApp", "CalculatorConsoleApp\CalculatorConsoleApp.csproj", "{2DDDE845-AEE2-47DA-8053-09A5CFB1D871}"
EndProject
Project("{9A19103F-16F7-4668-BE54-9A1E7A4F7556}") = "UnitTestCalculatorConsoleApp", "UnitTestCalculatorConsoleApp\UnitTestCalculatorConsoleApp.csproj", "{EBD7F9C4-8F5D-4A1E-B418-5D663FCED96C}"
EndProject
Global
	GlobalSection(SolutionConfigurationPlatforms) = preSolution
		Debug|Any CPU = Debug|Any CPU
		Release|Any CPU = Release|Any CPU
	EndGlobalSection
	GlobalSection(ProjectConfigurationPlatforms) = postSolution
		{2DDDE845-AEE2-47DA-8053-09A5CFB1D871}.Debug|Any CPU.ActiveCfg = Debug|Any CPU
		{2DDDE845-AEE2-47DA-8053-09A5CFB1D871}.Debug|Any CPU.Build.0 = Debug|Any CPU
		{2DDDE845-AEE2-47DA-8053-09A5CFB1D871}.Release|Any CPU.ActiveCfg = Release|Any CPU
		{2DDDE845-AEE2-47DA-8053-09A5CFB1D871}.Release|Any CPU.Build.0 = Release|Any CPU
		{EBD7F9C4-8F5D-4A1E-B418-5D663FCED96C}.Debug|Any CPU.ActiveCfg = Debug|Any CPU
		{EBD7F9C4-8F5D-4A1E-B418-5D663FCED96C}.Debug|Any CPU.Build.0 = Debug|Any CPU
		{EBD7F9C4-8F5D-4A1E-B418-5D663FCED96C}.Release|Any CPU.ActiveCfg = Release|Any CPU
		{EBD7F9C4-8F5D-4A1E-B418-5D663FCED96C}.Release|Any CPU.Build.0 = Release|Any CPU
	EndGlobalSection
	GlobalSection(SolutionProperties) = preSolution
		HideSolutionNode = FALSE
	EndGlobalSection
	GlobalSection(ExtensibilityGlobals) = postSolution
		SolutionGuid = {210F8669-D776-4DDB-99A7-23D444E0CD3E}
	EndGlobalSection
EndGlobal
