
Microsoft Visual Studio Solution File, Format Version 12.00
# Visual Studio Version 16
VisualStudioVersion = 16.0.30517.126
MinimumVisualStudioVersion = 10.0.40219.1
Project("{FAE04EC0-301F-11D3-BF4B-00C04F79EFBC}") = "CalculatorConsoleApp", "CalculatorConsoleApp\CalculatorConsoleApp.csproj", "{561A5B64-1598-4D9E-A2A7-AB2F80BCC408}"
EndProject
Project("{FAE04EC0-301F-11D3-BF4B-00C04F79EFBC}") = "UnitTestCalculator", "UnitTestCalculator\UnitTestCalculator.csproj", "{378A6EEB-5B43-4F26-A708-770C03DC54F0}"
EndProject
Global
	GlobalSection(SolutionConfigurationPlatforms) = preSolution
		Debug|Any CPU = Debug|Any CPU
		Release|Any CPU = Release|Any CPU
	EndGlobalSection
	GlobalSection(ProjectConfigurationPlatforms) = postSolution
		{561A5B64-1598-4D9E-A2A7-AB2F80BCC408}.Debug|Any CPU.ActiveCfg = Debug|Any CPU
		{561A5B64-1598-4D9E-A2A7-AB2F80BCC408}.Debug|Any CPU.Build.0 = Debug|Any CPU
		{561A5B64-1598-4D9E-A2A7-AB2F80BCC408}.Release|Any CPU.ActiveCfg = Release|Any CPU
		{561A5B64-1598-4D9E-A2A7-AB2F80BCC408}.Release|Any CPU.Build.0 = Release|Any CPU
		{378A6EEB-5B43-4F26-A708-770C03DC54F0}.Debug|Any CPU.ActiveCfg = Debug|Any CPU
		{378A6EEB-5B43-4F26-A708-770C03DC54F0}.Debug|Any CPU.Build.0 = Debug|Any CPU
		{378A6EEB-5B43-4F26-A708-770C03DC54F0}.Release|Any CPU.ActiveCfg = Release|Any CPU
		{378A6EEB-5B43-4F26-A708-770C03DC54F0}.Release|Any CPU.Build.0 = Release|Any CPU
	EndGlobalSection
	GlobalSection(SolutionProperties) = preSolution
		HideSolutionNode = FALSE
	EndGlobalSection
	GlobalSection(ExtensibilityGlobals) = postSolution
		SolutionGuid = {329B23B0-CD87-4C49-9A50-426076936A6C}
	EndGlobalSection
EndGlobal
