
Microsoft Visual Studio Solution File, Format Version 12.00
# Visual Studio Version 16
VisualStudioVersion = 16.0.30503.244
MinimumVisualStudioVersion = 10.0.40219.1
Project("{9A19103F-16F7-4668-BE54-9A1E7A4F7556}") = "Calculator", "Calculator\Calculator.csproj", "{6113854D-BD49-43B8-BBD7-02EC3B8F39BA}"
EndProject
Project("{9A19103F-16F7-4668-BE54-9A1E7A4F7556}") = "Calculator.Tests", "Calculator.Tests\Calculator.Tests.csproj", "{28775B30-3A3D-44F7-8998-0313B1BE473B}"
	ProjectSection(ProjectDependencies) = postProject
		{6113854D-BD49-43B8-BBD7-02EC3B8F39BA} = {6113854D-BD49-43B8-BBD7-02EC3B8F39BA}
	EndProjectSection
EndProject
Global
	GlobalSection(SolutionConfigurationPlatforms) = preSolution
		Debug|Any CPU = Debug|Any CPU
		Release|Any CPU = Release|Any CPU
	EndGlobalSection
	GlobalSection(ProjectConfigurationPlatforms) = postSolution
		{6113854D-BD49-43B8-BBD7-02EC3B8F39BA}.Debug|Any CPU.ActiveCfg = Debug|Any CPU
		{6113854D-BD49-43B8-BBD7-02EC3B8F39BA}.Debug|Any CPU.Build.0 = Debug|Any CPU
		{6113854D-BD49-43B8-BBD7-02EC3B8F39BA}.Release|Any CPU.ActiveCfg = Release|Any CPU
		{6113854D-BD49-43B8-BBD7-02EC3B8F39BA}.Release|Any CPU.Build.0 = Release|Any CPU
		{28775B30-3A3D-44F7-8998-0313B1BE473B}.Debug|Any CPU.ActiveCfg = Debug|Any CPU
		{28775B30-3A3D-44F7-8998-0313B1BE473B}.Debug|Any CPU.Build.0 = Debug|Any CPU
		{28775B30-3A3D-44F7-8998-0313B1BE473B}.Release|Any CPU.ActiveCfg = Release|Any CPU
		{28775B30-3A3D-44F7-8998-0313B1BE473B}.Release|Any CPU.Build.0 = Release|Any CPU
	EndGlobalSection
	GlobalSection(SolutionProperties) = preSolution
		HideSolutionNode = FALSE
	EndGlobalSection
	GlobalSection(ExtensibilityGlobals) = postSolution
		SolutionGuid = {210F8669-D776-4DDB-99A7-23D444E0CD3E}
	EndGlobalSection
EndGlobal
